
Microsoft Visual Studio Solution File, Format Version 12.00
# Visual Studio Version 16
VisualStudioVersion = 16.0.32002.261
MinimumVisualStudioVersion = 10.0.40219.1
Project("{FAE04EC0-301F-11D3-BF4B-00C04F79EFBC}") = "Polymorphism-Virtual-Override", "Polymorphism-Virtual-Override\Polymorphism-Virtual-Override.csproj", "{CADDDE8D-D85E-4285-8A81-95E1D848011A}"
EndProject
Global
	GlobalSection(SolutionConfigurationPlatforms) = preSolution
		Debug|Any CPU = Debug|Any CPU
		Release|Any CPU = Release|Any CPU
	EndGlobalSection
	GlobalSection(ProjectConfigurationPlatforms) = postSolution
		{CADDDE8D-D85E-4285-8A81-95E1D848011A}.Debug|Any CPU.ActiveCfg = Debug|Any CPU
		{CADDDE8D-D85E-4285-8A81-95E1D848011A}.Debug|Any CPU.Build.0 = Debug|Any CPU
		{CADDDE8D-D85E-4285-8A81-95E1D848011A}.Release|Any CPU.ActiveCfg = Release|Any CPU
		{CADDDE8D-D85E-4285-8A81-95E1D848011A}.Release|Any CPU.Build.0 = Release|Any CPU
	EndGlobalSection
	GlobalSection(SolutionProperties) = preSolution
		HideSolutionNode = FALSE
	EndGlobalSection
	GlobalSection(ExtensibilityGlobals) = postSolution
		SolutionGuid = {E25FF699-624F-40A1-9B0D-897A9FC39DCC}
	EndGlobalSection
EndGlobal
