
Microsoft Visual Studio Solution File, Format Version 12.00
# Visual Studio Version 16
VisualStudioVersion = 16.0.31911.196
MinimumVisualStudioVersion = 10.0.40219.1
Project("{FAE04EC0-301F-11D3-BF4B-00C04F79EFBC}") = "StaticConcept", "StaticConcept\StaticConcept.csproj", "{CEB238F2-8528-469F-9330-D68DB8DD01EB}"
EndProject
Global
	GlobalSection(SolutionConfigurationPlatforms) = preSolution
		Debug|Any CPU = Debug|Any CPU
		Release|Any CPU = Release|Any CPU
	EndGlobalSection
	GlobalSection(ProjectConfigurationPlatforms) = postSolution
		{CEB238F2-8528-469F-9330-D68DB8DD01EB}.Debug|Any CPU.ActiveCfg = Debug|Any CPU
		{CEB238F2-8528-469F-9330-D68DB8DD01EB}.Debug|Any CPU.Build.0 = Debug|Any CPU
		{CEB238F2-8528-469F-9330-D68DB8DD01EB}.Release|Any CPU.ActiveCfg = Release|Any CPU
		{CEB238F2-8528-469F-9330-D68DB8DD01EB}.Release|Any CPU.Build.0 = Release|Any CPU
	EndGlobalSection
	GlobalSection(SolutionProperties) = preSolution
		HideSolutionNode = FALSE
	EndGlobalSection
	GlobalSection(ExtensibilityGlobals) = postSolution
		SolutionGuid = {C0BB4DAC-B7E6-44E6-B110-CA520398EBD4}
	EndGlobalSection
EndGlobal
