
Microsoft Visual Studio Solution File, Format Version 12.00
# Visual Studio Version 16
VisualStudioVersion = 16.0.31911.196
MinimumVisualStudioVersion = 10.0.40219.1
Project("{FAE04EC0-301F-11D3-BF4B-00C04F79EFBC}") = "Constructor(Yapici)Method", "Constructor(Yapici)Method\Constructor(Yapici)Method.csproj", "{5BB3FAF6-C8BF-4256-B0CA-CA17A52DB11A}"
EndProject
Global
	GlobalSection(SolutionConfigurationPlatforms) = preSolution
		Debug|Any CPU = Debug|Any CPU
		Release|Any CPU = Release|Any CPU
	EndGlobalSection
	GlobalSection(ProjectConfigurationPlatforms) = postSolution
		{5BB3FAF6-C8BF-4256-B0CA-CA17A52DB11A}.Debug|Any CPU.ActiveCfg = Debug|Any CPU
		{5BB3FAF6-C8BF-4256-B0CA-CA17A52DB11A}.Debug|Any CPU.Build.0 = Debug|Any CPU
		{5BB3FAF6-C8BF-4256-B0CA-CA17A52DB11A}.Release|Any CPU.ActiveCfg = Release|Any CPU
		{5BB3FAF6-C8BF-4256-B0CA-CA17A52DB11A}.Release|Any CPU.Build.0 = Release|Any CPU
	EndGlobalSection
	GlobalSection(SolutionProperties) = preSolution
		HideSolutionNode = FALSE
	EndGlobalSection
	GlobalSection(ExtensibilityGlobals) = postSolution
		SolutionGuid = {81FC6F9E-8B77-4B9B-A6FA-E4C87DFA155F}
	EndGlobalSection
EndGlobal
